<?xml version="1.0" encoding="utf-8"?>
<Project ToolsVersion="4.0" xmlns="http://schemas.microsoft.com/developer/msbuild/2003">
  <ItemGroup>
    <Filter Include="Mathematics">
      <UniqueIdentifier>{93ca2a06-d182-4675-a787-4238e2bc8fc9}</UniqueIdentifier>
    </Filter>
    <Filter Include="Control">
      <UniqueIdentifier>{3009ee94-7ca6-4a78-9b2c-813304849233}</UniqueIdentifier>
    </Filter>
    <Filter Include="MediaLayer">
      <UniqueIdentifier>{1eb036f6-819e-40e3-b438-0d37f35f6a82}</UniqueIdentifier>
    </Filter>
    <Filter Include="RenderingEngine">
      <UniqueIdentifier>{5d95a667-1fc0-42c3-83f9-025448d7a2f9}</UniqueIdentifier>
    </Filter>
    <Filter Include="Utilities">
      <UniqueIdentifier>{788760c2-4177-4886-857c-6a4dcda22b12}</UniqueIdentifier>
    </Filter>
    <Filter Include="RenderingEngine\OpenGL">
      <UniqueIdentifier>{495481a9-e8b3-4911-bf96-71c8287fa0b4}</UniqueIdentifier>
    </Filter>
    <Filter Include="MediaLayer\SDL">
      <UniqueIdentifier>{7384bc8d-0759-455b-b6c8-1d92fe9d7ce7}</UniqueIdentifier>
    </Filter>
    <Filter Include="RenderingEngine\OpenGL\GLEW">
      <UniqueIdentifier>{580828c3-edc6-496d-89a9-346cb95fa36a}</UniqueIdentifier>
    </Filter>
    <Filter Include="RenderingEngine\StandardRenderer">
      <UniqueIdentifier>{02418a59-8c17-410c-82f6-5a13f6be495d}</UniqueIdentifier>
    </Filter>
    <Filter Include="Utilities\libpng">
      <UniqueIdentifier>{6a74e352-c7ef-49de-9008-a3c376ff2349}</UniqueIdentifier>
    </Filter>
    <Filter Include="Utilities\zlib">
      <UniqueIdentifier>{f48a7bd4-ac7e-402f-b1c3-810a2fb3ce96}</UniqueIdentifier>
    </Filter>
    <Filter Include="Utilities\libjpeg">
      <UniqueIdentifier>{d25da617-1ab9-4de5-ae05-1a9d5e5cb5a8}</UniqueIdentifier>
    </Filter>
  </ItemGroup>
  <ItemGroup>
    <ClCompile Include="..\..\Core\Mathematics\Matrix3.cpp">
      <Filter>Mathematics</Filter>
    </ClCompile>
    <ClCompile Include="..\..\Core\Mathematics\Matrix4.cpp">
      <Filter>Mathematics</Filter>
    </ClCompile>
    <ClCompile Include="..\..\Core\Mathematics\Vector2.cpp">
      <Filter>Mathematics</Filter>
    </ClCompile>
    <ClCompile Include="..\..\Core\Mathematics\Vector3.cpp">
      <Filter>Mathematics</Filter>
    </ClCompile>
    <ClCompile Include="..\..\Core\Mathematics\Vector4.cpp">
      <Filter>Mathematics</Filter>
    </ClCompile>
    <ClCompile Include="..\..\Core\Control\MainLoop.cpp">
      <Filter>Control</Filter>
    </ClCompile>
    <ClCompile Include="..\..\Core\RenderingEngine\Geometry.cpp">
      <Filter>RenderingEngine</Filter>
    </ClCompile>
    <ClCompile Include="..\..\Core\RenderingEngine\Model.cpp">
      <Filter>RenderingEngine</Filter>
    </ClCompile>
    <ClCompile Include="..\..\Core\RenderingEngine\OpenGL\Framebuffer.cpp">
      <Filter>RenderingEngine\OpenGL</Filter>
    </ClCompile>
    <ClCompile Include="..\..\Core\RenderingEngine\OpenGL\OpenGL.cpp">
      <Filter>RenderingEngine\OpenGL</Filter>
    </ClCompile>
    <ClCompile Include="..\..\Core\RenderingEngine\OpenGL\Program.cpp">
      <Filter>RenderingEngine\OpenGL</Filter>
    </ClCompile>
    <ClCompile Include="..\..\Core\RenderingEngine\OpenGL\Renderbuffer.cpp">
      <Filter>RenderingEngine\OpenGL</Filter>
    </ClCompile>
    <ClCompile Include="..\..\Core\RenderingEngine\OpenGL\Shader.cpp">
      <Filter>RenderingEngine\OpenGL</Filter>
    </ClCompile>
    <ClCompile Include="..\..\Core\RenderingEngine\OpenGL\Texture.cpp">
      <Filter>RenderingEngine\OpenGL</Filter>
    </ClCompile>
    <ClCompile Include="..\..\Core\RenderingEngine\OpenGL\VertexArray.cpp">
      <Filter>RenderingEngine\OpenGL</Filter>
    </ClCompile>
    <ClCompile Include="..\..\Core\RenderingEngine\OpenGL\VertexBuffer.cpp">
      <Filter>RenderingEngine\OpenGL</Filter>
    </ClCompile>
    <ClCompile Include="..\..\Core\MediaLayer\Display.cpp">
      <Filter>MediaLayer</Filter>
    </ClCompile>
    <ClCompile Include="..\..\Core\MediaLayer\Events.cpp">
      <Filter>MediaLayer</Filter>
    </ClCompile>
    <ClCompile Include="..\..\Core\RenderingEngine\RenderingEngine.cpp">
      <Filter>RenderingEngine</Filter>
    </ClCompile>
    <ClCompile Include="..\..\Core\Utilities\Mesh.cpp">
      <Filter>Utilities</Filter>
    </ClCompile>
    <ClCompile Include="..\..\Core\Utilities\Image.cpp">
      <Filter>Utilities</Filter>
    </ClCompile>
    <ClCompile Include="..\..\Core\Utilities\libjpeg\jaricom.c">
      <Filter>Utilities\libjpeg</Filter>
    </ClCompile>
    <ClCompile Include="..\..\Core\Utilities\libjpeg\jcapimin.c">
      <Filter>Utilities\libjpeg</Filter>
    </ClCompile>
    <ClCompile Include="..\..\Core\Utilities\libjpeg\jcapistd.c">
      <Filter>Utilities\libjpeg</Filter>
    </ClCompile>
    <ClCompile Include="..\..\Core\Utilities\libjpeg\jcarith.c">
      <Filter>Utilities\libjpeg</Filter>
    </ClCompile>
    <ClCompile Include="..\..\Core\Utilities\libjpeg\jccoefct.c">
      <Filter>Utilities\libjpeg</Filter>
    </ClCompile>
    <ClCompile Include="..\..\Core\Utilities\libjpeg\jccolor.c">
      <Filter>Utilities\libjpeg</Filter>
    </ClCompile>
    <ClCompile Include="..\..\Core\Utilities\libjpeg\jcdctmgr.c">
      <Filter>Utilities\libjpeg</Filter>
    </ClCompile>
    <ClCompile Include="..\..\Core\Utilities\libjpeg\jchuff.c">
      <Filter>Utilities\libjpeg</Filter>
    </ClCompile>
    <ClCompile Include="..\..\Core\Utilities\libjpeg\jcinit.c">
      <Filter>Utilities\libjpeg</Filter>
    </ClCompile>
    <ClCompile Include="..\..\Core\Utilities\libjpeg\jcmainct.c">
      <Filter>Utilities\libjpeg</Filter>
    </ClCompile>
    <ClCompile Include="..\..\Core\Utilities\libjpeg\jcmarker.c">
      <Filter>Utilities\libjpeg</Filter>
    </ClCompile>
    <ClCompile Include="..\..\Core\Utilities\libjpeg\jcmaster.c">
      <Filter>Utilities\libjpeg</Filter>
    </ClCompile>
    <ClCompile Include="..\..\Core\Utilities\libjpeg\jcomapi.c">
      <Filter>Utilities\libjpeg</Filter>
    </ClCompile>
    <ClCompile Include="..\..\Core\Utilities\libjpeg\jcparam.c">
      <Filter>Utilities\libjpeg</Filter>
    </ClCompile>
    <ClCompile Include="..\..\Core\Utilities\libjpeg\jcprepct.c">
      <Filter>Utilities\libjpeg</Filter>
    </ClCompile>
    <ClCompile Include="..\..\Core\Utilities\libjpeg\jcsample.c">
      <Filter>Utilities\libjpeg</Filter>
    </ClCompile>
    <ClCompile Include="..\..\Core\Utilities\libjpeg\jctrans.c">
      <Filter>Utilities\libjpeg</Filter>
    </ClCompile>
    <ClCompile Include="..\..\Core\Utilities\libjpeg\jdapimin.c">
      <Filter>Utilities\libjpeg</Filter>
    </ClCompile>
    <ClCompile Include="..\..\Core\Utilities\libjpeg\jdapistd.c">
      <Filter>Utilities\libjpeg</Filter>
    </ClCompile>
    <ClCompile Include="..\..\Core\Utilities\libjpeg\jdarith.c">
      <Filter>Utilities\libjpeg</Filter>
    </ClCompile>
    <ClCompile Include="..\..\Core\Utilities\libjpeg\jdatadst.c">
      <Filter>Utilities\libjpeg</Filter>
    </ClCompile>
    <ClCompile Include="..\..\Core\Utilities\libjpeg\jdatasrc.c">
      <Filter>Utilities\libjpeg</Filter>
    </ClCompile>
    <ClCompile Include="..\..\Core\Utilities\libjpeg\jdcoefct.c">
      <Filter>Utilities\libjpeg</Filter>
    </ClCompile>
    <ClCompile Include="..\..\Core\Utilities\libjpeg\jdcolor.c">
      <Filter>Utilities\libjpeg</Filter>
    </ClCompile>
    <ClCompile Include="..\..\Core\Utilities\libjpeg\jddctmgr.c">
      <Filter>Utilities\libjpeg</Filter>
    </ClCompile>
    <ClCompile Include="..\..\Core\Utilities\libjpeg\jdhuff.c">
      <Filter>Utilities\libjpeg</Filter>
    </ClCompile>
    <ClCompile Include="..\..\Core\Utilities\libjpeg\jdinput.c">
      <Filter>Utilities\libjpeg</Filter>
    </ClCompile>
    <ClCompile Include="..\..\Core\Utilities\libjpeg\jdmainct.c">
      <Filter>Utilities\libjpeg</Filter>
    </ClCompile>
    <ClCompile Include="..\..\Core\Utilities\libjpeg\jdmarker.c">
      <Filter>Utilities\libjpeg</Filter>
    </ClCompile>
    <ClCompile Include="..\..\Core\Utilities\libjpeg\jdmaster.c">
      <Filter>Utilities\libjpeg</Filter>
    </ClCompile>
    <ClCompile Include="..\..\Core\Utilities\libjpeg\jdmerge.c">
      <Filter>Utilities\libjpeg</Filter>
    </ClCompile>
    <ClCompile Include="..\..\Core\Utilities\libjpeg\jdpostct.c">
      <Filter>Utilities\libjpeg</Filter>
    </ClCompile>
    <ClCompile Include="..\..\Core\Utilities\libjpeg\jdsample.c">
      <Filter>Utilities\libjpeg</Filter>
    </ClCompile>
    <ClCompile Include="..\..\Core\Utilities\libjpeg\jdtrans.c">
      <Filter>Utilities\libjpeg</Filter>
    </ClCompile>
    <ClCompile Include="..\..\Core\Utilities\libjpeg\jerror.c">
      <Filter>Utilities\libjpeg</Filter>
    </ClCompile>
    <ClCompile Include="..\..\Core\Utilities\libjpeg\jfdctflt.c">
      <Filter>Utilities\libjpeg</Filter>
    </ClCompile>
    <ClCompile Include="..\..\Core\Utilities\libjpeg\jfdctfst.c">
      <Filter>Utilities\libjpeg</Filter>
    </ClCompile>
    <ClCompile Include="..\..\Core\Utilities\libjpeg\jfdctint.c">
      <Filter>Utilities\libjpeg</Filter>
    </ClCompile>
    <ClCompile Include="..\..\Core\Utilities\libjpeg\jidctflt.c">
      <Filter>Utilities\libjpeg</Filter>
    </ClCompile>
    <ClCompile Include="..\..\Core\Utilities\libjpeg\jidctfst.c">
      <Filter>Utilities\libjpeg</Filter>
    </ClCompile>
    <ClCompile Include="..\..\Core\Utilities\libjpeg\jidctint.c">
      <Filter>Utilities\libjpeg</Filter>
    </ClCompile>
    <ClCompile Include="..\..\Core\Utilities\libjpeg\jmemmgr.c">
      <Filter>Utilities\libjpeg</Filter>
    </ClCompile>
    <ClCompile Include="..\..\Core\Utilities\libjpeg\jmemnobs.c">
      <Filter>Utilities\libjpeg</Filter>
    </ClCompile>
    <ClCompile Include="..\..\Core\Utilities\libjpeg\jquant1.c">
      <Filter>Utilities\libjpeg</Filter>
    </ClCompile>
    <ClCompile Include="..\..\Core\Utilities\libjpeg\jquant2.c">
      <Filter>Utilities\libjpeg</Filter>
    </ClCompile>
    <ClCompile Include="..\..\Core\Utilities\libjpeg\jutils.c">
      <Filter>Utilities\libjpeg</Filter>
    </ClCompile>
    <ClCompile Include="..\..\Core\Utilities\libpng\png.c">
      <Filter>Utilities\libpng</Filter>
    </ClCompile>
    <ClCompile Include="..\..\Core\Utilities\libpng\pngerror.c">
      <Filter>Utilities\libpng</Filter>
    </ClCompile>
    <ClCompile Include="..\..\Core\Utilities\libpng\pnggccrd.c">
      <Filter>Utilities\libpng</Filter>
    </ClCompile>
    <ClCompile Include="..\..\Core\Utilities\libpng\pngget.c">
      <Filter>Utilities\libpng</Filter>
    </ClCompile>
    <ClCompile Include="..\..\Core\Utilities\libpng\pngmem.c">
      <Filter>Utilities\libpng</Filter>
    </ClCompile>
    <ClCompile Include="..\..\Core\Utilities\libpng\pngpread.c">
      <Filter>Utilities\libpng</Filter>
    </ClCompile>
    <ClCompile Include="..\..\Core\Utilities\libpng\pngread.c">
      <Filter>Utilities\libpng</Filter>
    </ClCompile>
    <ClCompile Include="..\..\Core\Utilities\libpng\pngrio.c">
      <Filter>Utilities\libpng</Filter>
    </ClCompile>
    <ClCompile Include="..\..\Core\Utilities\libpng\pngrtran.c">
      <Filter>Utilities\libpng</Filter>
    </ClCompile>
    <ClCompile Include="..\..\Core\Utilities\libpng\pngrutil.c">
      <Filter>Utilities\libpng</Filter>
    </ClCompile>
    <ClCompile Include="..\..\Core\Utilities\libpng\pngset.c">
      <Filter>Utilities\libpng</Filter>
    </ClCompile>
    <ClCompile Include="..\..\Core\Utilities\libpng\pngtrans.c">
      <Filter>Utilities\libpng</Filter>
    </ClCompile>
    <ClCompile Include="..\..\Core\Utilities\libpng\pngvcrd.c">
      <Filter>Utilities\libpng</Filter>
    </ClCompile>
    <ClCompile Include="..\..\Core\Utilities\libpng\pngwio.c">
      <Filter>Utilities\libpng</Filter>
    </ClCompile>
    <ClCompile Include="..\..\Core\Utilities\libpng\pngwrite.c">
      <Filter>Utilities\libpng</Filter>
    </ClCompile>
    <ClCompile Include="..\..\Core\Utilities\libpng\pngwtran.c">
      <Filter>Utilities\libpng</Filter>
    </ClCompile>
    <ClCompile Include="..\..\Core\Utilities\libpng\pngwutil.c">
      <Filter>Utilities\libpng</Filter>
    </ClCompile>
    <ClCompile Include="..\..\Core\Utilities\zlib\adler32.c">
      <Filter>Utilities\zlib</Filter>
    </ClCompile>
    <ClCompile Include="..\..\Core\Utilities\zlib\compress.c">
      <Filter>Utilities\zlib</Filter>
    </ClCompile>
    <ClCompile Include="..\..\Core\Utilities\zlib\crc32.c">
      <Filter>Utilities\zlib</Filter>
    </ClCompile>
    <ClCompile Include="..\..\Core\Utilities\zlib\deflate.c">
      <Filter>Utilities\zlib</Filter>
    </ClCompile>
    <ClCompile Include="..\..\Core\Utilities\zlib\inffast.c">
      <Filter>Utilities\zlib</Filter>
    </ClCompile>
    <ClCompile Include="..\..\Core\Utilities\zlib\inflate.c">
      <Filter>Utilities\zlib</Filter>
    </ClCompile>
    <ClCompile Include="..\..\Core\Utilities\zlib\inftrees.c">
      <Filter>Utilities\zlib</Filter>
    </ClCompile>
    <ClCompile Include="..\..\Core\Utilities\zlib\trees.c">
      <Filter>Utilities\zlib</Filter>
    </ClCompile>
    <ClCompile Include="..\..\Core\Utilities\zlib\uncompr.c">
      <Filter>Utilities\zlib</Filter>
    </ClCompile>
    <ClCompile Include="..\..\Core\Utilities\zlib\zutil.c">
      <Filter>Utilities\zlib</Filter>
    </ClCompile>
  </ItemGroup>
  <ItemGroup>
    <ClInclude Include="..\..\Core\Mathematics\Matrix3.hpp">
      <Filter>Mathematics</Filter>
    </ClInclude>
    <ClInclude Include="..\..\Core\Mathematics\Matrix4.hpp">
      <Filter>Mathematics</Filter>
    </ClInclude>
    <ClInclude Include="..\..\Core\Mathematics\Util.hpp">
      <Filter>Mathematics</Filter>
    </ClInclude>
    <ClInclude Include="..\..\Core\Mathematics\Vector2.hpp">
      <Filter>Mathematics</Filter>
    </ClInclude>
    <ClInclude Include="..\..\Core\Mathematics\Vector3.hpp">
      <Filter>Mathematics</Filter>
    </ClInclude>
    <ClInclude Include="..\..\Core\Mathematics\Vector4.hpp">
      <Filter>Mathematics</Filter>
    </ClInclude>
    <ClInclude Include="..\..\Core\Utilities\FileToString.hpp">
      <Filter>Utilities</Filter>
    </ClInclude>
    <ClInclude Include="..\..\Core\Utilities\Singleton.hpp">
      <Filter>Utilities</Filter>
    </ClInclude>
    <ClInclude Include="..\..\Core\RenderingEngine\Camera.hpp">
      <Filter>RenderingEngine</Filter>
    </ClInclude>
    <ClInclude Include="..\..\Core\RenderingEngine\Geometry.hpp">
      <Filter>RenderingEngine</Filter>
    </ClInclude>
    <ClInclude Include="..\..\Core\RenderingEngine\Material.hpp">
      <Filter>RenderingEngine</Filter>
    </ClInclude>
    <ClInclude Include="..\..\Core\RenderingEngine\Model.hpp">
      <Filter>RenderingEngine</Filter>
    </ClInclude>
    <ClInclude Include="..\..\Core\RenderingEngine\Renderer.hpp">
      <Filter>RenderingEngine</Filter>
    </ClInclude>
    <ClInclude Include="..\..\Core\RenderingEngine\OpenGL\Framebuffer.hpp">
      <Filter>RenderingEngine\OpenGL</Filter>
    </ClInclude>
    <ClInclude Include="..\..\Core\RenderingEngine\OpenGL\OpenGL.hpp">
      <Filter>RenderingEngine\OpenGL</Filter>
    </ClInclude>
    <ClInclude Include="..\..\Core\RenderingEngine\OpenGL\Program.hpp">
      <Filter>RenderingEngine\OpenGL</Filter>
    </ClInclude>
    <ClInclude Include="..\..\Core\RenderingEngine\OpenGL\Renderbuffer.hpp">
      <Filter>RenderingEngine\OpenGL</Filter>
    </ClInclude>
    <ClInclude Include="..\..\Core\RenderingEngine\OpenGL\Shader.hpp">
      <Filter>RenderingEngine\OpenGL</Filter>
    </ClInclude>
    <ClInclude Include="..\..\Core\RenderingEngine\OpenGL\Texture.hpp">
      <Filter>RenderingEngine\OpenGL</Filter>
    </ClInclude>
    <ClInclude Include="..\..\Core\RenderingEngine\OpenGL\Typedef.hpp">
      <Filter>RenderingEngine\OpenGL</Filter>
    </ClInclude>
    <ClInclude Include="..\..\Core\RenderingEngine\OpenGL\VertexArray.hpp">
      <Filter>RenderingEngine\OpenGL</Filter>
    </ClInclude>
    <ClInclude Include="..\..\Core\RenderingEngine\OpenGL\VertexBuffer.hpp">
      <Filter>RenderingEngine\OpenGL</Filter>
    </ClInclude>
    <ClInclude Include="..\..\Core\RenderingEngine\StandardRenderer\StandardRenderer.hpp">
      <Filter>RenderingEngine\StandardRenderer</Filter>
    </ClInclude>
    <ClInclude Include="..\..\Core\Mathematics\Math.hpp">
      <Filter>Mathematics</Filter>
    </ClInclude>
    <ClInclude Include="..\..\Core\Control\Settings.hpp">
      <Filter>Control</Filter>
    </ClInclude>
    <ClInclude Include="..\..\Core\MediaLayer\SDL\begin_code.h">
      <Filter>MediaLayer\SDL</Filter>
    </ClInclude>
    <ClInclude Include="..\..\Core\MediaLayer\SDL\close_code.h">
      <Filter>MediaLayer\SDL</Filter>
    </ClInclude>
    <ClInclude Include="..\..\Core\MediaLayer\SDL\SDL.h">
      <Filter>MediaLayer\SDL</Filter>
    </ClInclude>
    <ClInclude Include="..\..\Core\MediaLayer\SDL\SDL_assert.h">
      <Filter>MediaLayer\SDL</Filter>
    </ClInclude>
    <ClInclude Include="..\..\Core\MediaLayer\SDL\SDL_atomic.h">
      <Filter>MediaLayer\SDL</Filter>
    </ClInclude>
    <ClInclude Include="..\..\Core\MediaLayer\SDL\SDL_audio.h">
      <Filter>MediaLayer\SDL</Filter>
    </ClInclude>
    <ClInclude Include="..\..\Core\MediaLayer\SDL\SDL_bits.h">
      <Filter>MediaLayer\SDL</Filter>
    </ClInclude>
    <ClInclude Include="..\..\Core\MediaLayer\SDL\SDL_blendmode.h">
      <Filter>MediaLayer\SDL</Filter>
    </ClInclude>
    <ClInclude Include="..\..\Core\MediaLayer\SDL\SDL_clipboard.h">
      <Filter>MediaLayer\SDL</Filter>
    </ClInclude>
    <ClInclude Include="..\..\Core\MediaLayer\SDL\SDL_config.h">
      <Filter>MediaLayer\SDL</Filter>
    </ClInclude>
    <ClInclude Include="..\..\Core\MediaLayer\SDL\SDL_cpuinfo.h">
      <Filter>MediaLayer\SDL</Filter>
    </ClInclude>
    <ClInclude Include="..\..\Core\MediaLayer\SDL\SDL_egl.h">
      <Filter>MediaLayer\SDL</Filter>
    </ClInclude>
    <ClInclude Include="..\..\Core\MediaLayer\SDL\SDL_endian.h">
      <Filter>MediaLayer\SDL</Filter>
    </ClInclude>
    <ClInclude Include="..\..\Core\MediaLayer\SDL\SDL_error.h">
      <Filter>MediaLayer\SDL</Filter>
    </ClInclude>
    <ClInclude Include="..\..\Core\MediaLayer\SDL\SDL_events.h">
      <Filter>MediaLayer\SDL</Filter>
    </ClInclude>
    <ClInclude Include="..\..\Core\MediaLayer\SDL\SDL_filesystem.h">
      <Filter>MediaLayer\SDL</Filter>
    </ClInclude>
    <ClInclude Include="..\..\Core\MediaLayer\SDL\SDL_gamecontroller.h">
      <Filter>MediaLayer\SDL</Filter>
    </ClInclude>
    <ClInclude Include="..\..\Core\MediaLayer\SDL\SDL_gesture.h">
      <Filter>MediaLayer\SDL</Filter>
    </ClInclude>
    <ClInclude Include="..\..\Core\MediaLayer\SDL\SDL_haptic.h">
      <Filter>MediaLayer\SDL</Filter>
    </ClInclude>
    <ClInclude Include="..\..\Core\MediaLayer\SDL\SDL_hints.h">
      <Filter>MediaLayer\SDL</Filter>
    </ClInclude>
    <ClInclude Include="..\..\Core\MediaLayer\SDL\SDL_joystick.h">
      <Filter>MediaLayer\SDL</Filter>
    </ClInclude>
    <ClInclude Include="..\..\Core\MediaLayer\SDL\SDL_keyboard.h">
      <Filter>MediaLayer\SDL</Filter>
    </ClInclude>
    <ClInclude Include="..\..\Core\MediaLayer\SDL\SDL_keycode.h">
      <Filter>MediaLayer\SDL</Filter>
    </ClInclude>
    <ClInclude Include="..\..\Core\MediaLayer\SDL\SDL_loadso.h">
      <Filter>MediaLayer\SDL</Filter>
    </ClInclude>
    <ClInclude Include="..\..\Core\MediaLayer\SDL\SDL_log.h">
      <Filter>MediaLayer\SDL</Filter>
    </ClInclude>
    <ClInclude Include="..\..\Core\MediaLayer\SDL\SDL_main.h">
      <Filter>MediaLayer\SDL</Filter>
    </ClInclude>
    <ClInclude Include="..\..\Core\MediaLayer\SDL\SDL_messagebox.h">
      <Filter>MediaLayer\SDL</Filter>
    </ClInclude>
    <ClInclude Include="..\..\Core\MediaLayer\SDL\SDL_mouse.h">
      <Filter>MediaLayer\SDL</Filter>
    </ClInclude>
    <ClInclude Include="..\..\Core\MediaLayer\SDL\SDL_mutex.h">
      <Filter>MediaLayer\SDL</Filter>
    </ClInclude>
    <ClInclude Include="..\..\Core\MediaLayer\SDL\SDL_name.h">
      <Filter>MediaLayer\SDL</Filter>
    </ClInclude>
    <ClInclude Include="..\..\Core\MediaLayer\SDL\SDL_opengl.h">
      <Filter>MediaLayer\SDL</Filter>
    </ClInclude>
    <ClInclude Include="..\..\Core\MediaLayer\SDL\SDL_opengl_glext.h">
      <Filter>MediaLayer\SDL</Filter>
    </ClInclude>
    <ClInclude Include="..\..\Core\MediaLayer\SDL\SDL_opengles.h">
      <Filter>MediaLayer\SDL</Filter>
    </ClInclude>
    <ClInclude Include="..\..\Core\MediaLayer\SDL\SDL_opengles2.h">
      <Filter>MediaLayer\SDL</Filter>
    </ClInclude>
    <ClInclude Include="..\..\Core\MediaLayer\SDL\SDL_opengles2_gl2.h">
      <Filter>MediaLayer\SDL</Filter>
    </ClInclude>
    <ClInclude Include="..\..\Core\MediaLayer\SDL\SDL_opengles2_gl2ext.h">
      <Filter>MediaLayer\SDL</Filter>
    </ClInclude>
    <ClInclude Include="..\..\Core\MediaLayer\SDL\SDL_opengles2_gl2platform.h">
      <Filter>MediaLayer\SDL</Filter>
    </ClInclude>
    <ClInclude Include="..\..\Core\MediaLayer\SDL\SDL_opengles2_khrplatform.h">
      <Filter>MediaLayer\SDL</Filter>
    </ClInclude>
    <ClInclude Include="..\..\Core\MediaLayer\SDL\SDL_pixels.h">
      <Filter>MediaLayer\SDL</Filter>
    </ClInclude>
    <ClInclude Include="..\..\Core\MediaLayer\SDL\SDL_platform.h">
      <Filter>MediaLayer\SDL</Filter>
    </ClInclude>
    <ClInclude Include="..\..\Core\MediaLayer\SDL\SDL_power.h">
      <Filter>MediaLayer\SDL</Filter>
    </ClInclude>
    <ClInclude Include="..\..\Core\MediaLayer\SDL\SDL_quit.h">
      <Filter>MediaLayer\SDL</Filter>
    </ClInclude>
    <ClInclude Include="..\..\Core\MediaLayer\SDL\SDL_rect.h">
      <Filter>MediaLayer\SDL</Filter>
    </ClInclude>
    <ClInclude Include="..\..\Core\MediaLayer\SDL\SDL_render.h">
      <Filter>MediaLayer\SDL</Filter>
    </ClInclude>
    <ClInclude Include="..\..\Core\MediaLayer\SDL\SDL_revision.h">
      <Filter>MediaLayer\SDL</Filter>
    </ClInclude>
    <ClInclude Include="..\..\Core\MediaLayer\SDL\SDL_rwops.h">
      <Filter>MediaLayer\SDL</Filter>
    </ClInclude>
    <ClInclude Include="..\..\Core\MediaLayer\SDL\SDL_scancode.h">
      <Filter>MediaLayer\SDL</Filter>
    </ClInclude>
    <ClInclude Include="..\..\Core\MediaLayer\SDL\SDL_shape.h">
      <Filter>MediaLayer\SDL</Filter>
    </ClInclude>
    <ClInclude Include="..\..\Core\MediaLayer\SDL\SDL_stdinc.h">
      <Filter>MediaLayer\SDL</Filter>
    </ClInclude>
    <ClInclude Include="..\..\Core\MediaLayer\SDL\SDL_surface.h">
      <Filter>MediaLayer\SDL</Filter>
    </ClInclude>
    <ClInclude Include="..\..\Core\MediaLayer\SDL\SDL_system.h">
      <Filter>MediaLayer\SDL</Filter>
    </ClInclude>
    <ClInclude Include="..\..\Core\MediaLayer\SDL\SDL_syswm.h">
      <Filter>MediaLayer\SDL</Filter>
    </ClInclude>
    <ClInclude Include="..\..\Core\MediaLayer\SDL\SDL_thread.h">
      <Filter>MediaLayer\SDL</Filter>
    </ClInclude>
    <ClInclude Include="..\..\Core\MediaLayer\SDL\SDL_timer.h">
      <Filter>MediaLayer\SDL</Filter>
    </ClInclude>
    <ClInclude Include="..\..\Core\MediaLayer\SDL\SDL_touch.h">
      <Filter>MediaLayer\SDL</Filter>
    </ClInclude>
    <ClInclude Include="..\..\Core\MediaLayer\SDL\SDL_types.h">
      <Filter>MediaLayer\SDL</Filter>
    </ClInclude>
    <ClInclude Include="..\..\Core\MediaLayer\SDL\SDL_version.h">
      <Filter>MediaLayer\SDL</Filter>
    </ClInclude>
    <ClInclude Include="..\..\Core\MediaLayer\SDL\SDL_video.h">
      <Filter>MediaLayer\SDL</Filter>
    </ClInclude>
    <ClInclude Include="..\..\Core\MediaLayer\Display.hpp">
      <Filter>MediaLayer</Filter>
    </ClInclude>
    <ClInclude Include="..\..\Core\MediaLayer\Events.hpp">
      <Filter>MediaLayer</Filter>
    </ClInclude>
    <ClInclude Include="..\..\Core\RenderingEngine\OpenGL\GLEW\eglew.h">
      <Filter>RenderingEngine\OpenGL\GLEW</Filter>
    </ClInclude>
    <ClInclude Include="..\..\Core\RenderingEngine\OpenGL\GLEW\glew.h">
      <Filter>RenderingEngine\OpenGL\GLEW</Filter>
    </ClInclude>
    <ClInclude Include="..\..\Core\RenderingEngine\OpenGL\GLEW\glxew.h">
      <Filter>RenderingEngine\OpenGL\GLEW</Filter>
    </ClInclude>
    <ClInclude Include="..\..\Core\RenderingEngine\OpenGL\GLEW\wglew.h">
      <Filter>RenderingEngine\OpenGL\GLEW</Filter>
    </ClInclude>
    <ClInclude Include="..\..\Core\Utilities\Exception.hpp">
      <Filter>Utilities</Filter>
    </ClInclude>
    <ClInclude Include="..\..\Core\Utilities\ObjLoader.hpp">
      <Filter>Utilities</Filter>
    </ClInclude>
    <ClInclude Include="..\..\Core\Utilities\Vertex.hpp">
      <Filter>Utilities</Filter>
    </ClInclude>
    <ClInclude Include="..\..\Core\Utilities\Color.hpp">
      <Filter>Utilities</Filter>
    </ClInclude>
    <ClInclude Include="..\..\Core\RenderingEngine\RenderingEngine.hpp">
      <Filter>RenderingEngine</Filter>
    </ClInclude>
    <ClInclude Include="..\..\Core\Utilities\Mesh.hpp">
      <Filter>Utilities</Filter>
    </ClInclude>
    <ClInclude Include="..\..\Core\Utilities\Image.hpp">
      <Filter>Utilities</Filter>
    </ClInclude>
    <ClInclude Include="..\..\Core\Utilities\libjpeg\cderror.h">
      <Filter>Utilities\libjpeg</Filter>
    </ClInclude>
    <ClInclude Include="..\..\Core\Utilities\libjpeg\jconfig.h">
      <Filter>Utilities\libjpeg</Filter>
    </ClInclude>
    <ClInclude Include="..\..\Core\Utilities\libjpeg\jdct.h">
      <Filter>Utilities\libjpeg</Filter>
    </ClInclude>
    <ClInclude Include="..\..\Core\Utilities\libjpeg\jerror.h">
      <Filter>Utilities\libjpeg</Filter>
    </ClInclude>
    <ClInclude Include="..\..\Core\Utilities\libjpeg\jinclude.h">
      <Filter>Utilities\libjpeg</Filter>
    </ClInclude>
    <ClInclude Include="..\..\Core\Utilities\libjpeg\jmemsys.h">
      <Filter>Utilities\libjpeg</Filter>
    </ClInclude>
    <ClInclude Include="..\..\Core\Utilities\libjpeg\jmorecfg.h">
      <Filter>Utilities\libjpeg</Filter>
    </ClInclude>
    <ClInclude Include="..\..\Core\Utilities\libjpeg\jpegint.h">
      <Filter>Utilities\libjpeg</Filter>
    </ClInclude>
    <ClInclude Include="..\..\Core\Utilities\libjpeg\jpeglib.h">
      <Filter>Utilities\libjpeg</Filter>
    </ClInclude>
    <ClInclude Include="..\..\Core\Utilities\libjpeg\jversion.h">
      <Filter>Utilities\libjpeg</Filter>
    </ClInclude>
    <ClInclude Include="..\..\Core\Utilities\libpng\png.h">
      <Filter>Utilities\libpng</Filter>
    </ClInclude>
    <ClInclude Include="..\..\Core\Utilities\libpng\pngconf.h">
      <Filter>Utilities\libpng</Filter>
    </ClInclude>
    <ClInclude Include="..\..\Core\Utilities\zlib\crc32.h">
      <Filter>Utilities\zlib</Filter>
    </ClInclude>
    <ClInclude Include="..\..\Core\Utilities\zlib\deflate.h">
      <Filter>Utilities\zlib</Filter>
    </ClInclude>
    <ClInclude Include="..\..\Core\Utilities\zlib\inffast.h">
      <Filter>Utilities\zlib</Filter>
    </ClInclude>
    <ClInclude Include="..\..\Core\Utilities\zlib\inffixed.h">
      <Filter>Utilities\zlib</Filter>
    </ClInclude>
    <ClInclude Include="..\..\Core\Utilities\zlib\inflate.h">
      <Filter>Utilities\zlib</Filter>
    </ClInclude>
    <ClInclude Include="..\..\Core\Utilities\zlib\inftrees.h">
      <Filter>Utilities\zlib</Filter>
    </ClInclude>
    <ClInclude Include="..\..\Core\Utilities\zlib\trees.h">
      <Filter>Utilities\zlib</Filter>
    </ClInclude>
    <ClInclude Include="..\..\Core\Utilities\zlib\zconf.h">
      <Filter>Utilities\zlib</Filter>
    </ClInclude>
    <ClInclude Include="..\..\Core\Utilities\zlib\zlib.h">
      <Filter>Utilities\zlib</Filter>
    </ClInclude>
    <ClInclude Include="..\..\Core\Utilities\zlib\zutil.h">
      <Filter>Utilities\zlib</Filter>
    </ClInclude>
  </ItemGroup>
  <ItemGroup>
    <None Include="..\..\Core\RenderingEngine\StandardRenderer\StandardShader.fs">
      <Filter>RenderingEngine\StandardRenderer</Filter>
    </None>
    <None Include="..\..\Core\RenderingEngine\StandardRenderer\StandardShader.vs">
      <Filter>RenderingEngine\StandardRenderer</Filter>
    </None>
  </ItemGroup>
</Project>